
Microsoft Visual Studio Solution File, Format Version 12.00
# Visual Studio Version 17
VisualStudioVersion = 17.10.34928.147
MinimumVisualStudioVersion = 10.0.40219.1
Project("{FAE04EC0-301F-11D3-BF4B-00C04F79EFBC}") = "Student Dash 2.O", "Student Dash 2.O\Student Dash 2.O.csproj", "{1BD8B387-5FE2-4607-8AE7-A63599D6C17D}"
EndProject
Global
	GlobalSection(SolutionConfigurationPlatforms) = preSolution
		Debug|Any CPU = Debug|Any CPU
		Release|Any CPU = Release|Any CPU
	EndGlobalSection
	GlobalSection(ProjectConfigurationPlatforms) = postSolution
		{1BD8B387-5FE2-4607-8AE7-A63599D6C17D}.Debug|Any CPU.ActiveCfg = Debug|Any CPU
		{1BD8B387-5FE2-4607-8AE7-A63599D6C17D}.Debug|Any CPU.Build.0 = Debug|Any CPU
		{1BD8B387-5FE2-4607-8AE7-A63599D6C17D}.Release|Any CPU.ActiveCfg = Release|Any CPU
		{1BD8B387-5FE2-4607-8AE7-A63599D6C17D}.Release|Any CPU.Build.0 = Release|Any CPU
	EndGlobalSection
	GlobalSection(SolutionProperties) = preSolution
		HideSolutionNode = FALSE
	EndGlobalSection
	GlobalSection(ExtensibilityGlobals) = postSolution
		SolutionGuid = {7B9CAD25-B202-443B-826D-66F8365638CD}
	EndGlobalSection
EndGlobal
